Microsoft Visual Studio Solution File, Format Version 12.00
# Visual Studio Version 17
VisualStudioVersion = 17.2.32630.192
MinimumVisualStudioVersion = 10.0.40219.1
Project("{FAE04EC0-301F-11D3-BF4B-00C04F79EFBC}") = "AAEmu.Launcher", "AAEmu.Launcher\AAEmu.Launcher.csproj", "{87D932EE-7A63-488D-8D69-3F8440B5B9C8}"
EndProject
Project("{FAE04EC0-301F-11D3-BF4B-00C04F79EFBC}") = "AAEmu.Patch", "AAEmu.Patch\AAEmu.Patch.csproj", "{D4C199E9-67DF-41A3-B7CC-A9DCB424DC33}"
EndProject
Project("{9A19103F-16F7-4668-BE54-9A1E7A4F7556}") = "AAEmu.LauncherExample", "AAEmu.LauncherExample\AAEmu.LauncherExample.csproj", "{F8F71866-F923-4384-B623-A2136F5CA033}"
EndProject
Project("{FAE04EC0-301F-11D3-BF4B-00C04F79EFBC}") = "AAEmu.Common.Launcher", "AAEmu.Common.Launcher\AAEmu.Common.Launcher.csproj", "{08CA28D6-44CD-4476-968E-000FE33AC396}"
EndProject
Global
	GlobalSection(SolutionConfigurationPlatforms) = preSolution
		Debug|Any CPU = Debug|Any CPU
		Release|Any CPU = Release|Any CPU
	EndGlobalSection
	GlobalSection(ProjectConfigurationPlatforms) = postSolution
		{87D932EE-7A63-488D-8D69-3F8440B5B9C8}.Debug|Any CPU.ActiveCfg = Debug|Any CPU
		{87D932EE-7A63-488D-8D69-3F8440B5B9C8}.Debug|Any CPU.Build.0 = Debug|Any CPU
		{87D932EE-7A63-488D-8D69-3F8440B5B9C8}.Release|Any CPU.ActiveCfg = Release|Any CPU
		{87D932EE-7A63-488D-8D69-3F8440B5B9C8}.Release|Any CPU.Build.0 = Release|Any CPU
		{D4C199E9-67DF-41A3-B7CC-A9DCB424DC33}.Debug|Any CPU.ActiveCfg = Debug|Any CPU
		{D4C199E9-67DF-41A3-B7CC-A9DCB424DC33}.Debug|Any CPU.Build.0 = Debug|Any CPU
		{D4C199E9-67DF-41A3-B7CC-A9DCB424DC33}.Release|Any CPU.ActiveCfg = Release|Any CPU
		{D4C199E9-67DF-41A3-B7CC-A9DCB424DC33}.Release|Any CPU.Build.0 = Release|Any CPU
		{F8F71866-F923-4384-B623-A2136F5CA033}.Debug|Any CPU.ActiveCfg = Debug|Any CPU
		{F8F71866-F923-4384-B623-A2136F5CA033}.Debug|Any CPU.Build.0 = Debug|Any CPU
		{F8F71866-F923-4384-B623-A2136F5CA033}.Release|Any CPU.ActiveCfg = Release|Any CPU
		{F8F71866-F923-4384-B623-A2136F5CA033}.Release|Any CPU.Build.0 = Release|Any CPU
		{08CA28D6-44CD-4476-968E-000FE33AC396}.Debug|Any CPU.ActiveCfg = Debug|Any CPU
		{08CA28D6-44CD-4476-968E-000FE33AC396}.Debug|Any CPU.Build.0 = Debug|Any CPU
		{08CA28D6-44CD-4476-968E-000FE33AC396}.Release|Any CPU.ActiveCfg = Release|Any CPU
		{08CA28D6-44CD-4476-968E-000FE33AC396}.Release|Any CPU.Build.0 = Release|Any CPU
	EndGlobalSection
	GlobalSection(SolutionProperties) = preSolution
		HideSolutionNode = FALSE
	EndGlobalSection
	GlobalSection(ExtensibilityGlobals) = postSolution
		SolutionGuid = {75269851-9279-43AA-92ED-47C8C6037D10}
	EndGlobalSection
EndGlobal
